
Microsoft Visual Studio Solution File, Format Version 12.00
# Visual Studio Version 16
VisualStudioVersion = 16.0.31911.196
MinimumVisualStudioVersion = 10.0.40219.1
Project("{FAE04EC0-301F-11D3-BF4B-00C04F79EFBC}") = "Wpfbase_Lesson8", "Wpfbase_Lesson8\Wpfbase_Lesson8.csproj", "{6A648995-4984-46CC-B0BD-746069BC9864}"
EndProject
Global
	GlobalSection(SolutionConfigurationPlatforms) = preSolution
		Debug|Any CPU = Debug|Any CPU
		Release|Any CPU = Release|Any CPU
	EndGlobalSection
	GlobalSection(ProjectConfigurationPlatforms) = postSolution
		{6A648995-4984-46CC-B0BD-746069BC9864}.Debug|Any CPU.ActiveCfg = Debug|Any CPU
		{6A648995-4984-46CC-B0BD-746069BC9864}.Debug|Any CPU.Build.0 = Debug|Any CPU
		{6A648995-4984-46CC-B0BD-746069BC9864}.Release|Any CPU.ActiveCfg = Release|Any CPU
		{6A648995-4984-46CC-B0BD-746069BC9864}.Release|Any CPU.Build.0 = Release|Any CPU
	EndGlobalSection
	GlobalSection(SolutionProperties) = preSolution
		HideSolutionNode = FALSE
	EndGlobalSection
	GlobalSection(ExtensibilityGlobals) = postSolution
		SolutionGuid = {80EA2518-7D5D-45E1-A4E8-B8F6B672D890}
	EndGlobalSection
EndGlobal
